Microsoft Visual Studio Solution File, Format Version 12.00
# Visual Studio Version 17
VisualStudioVersion = 17.5.2.0
MinimumVisualStudioVersion = 10.0.40219.1
Project("{FAE04EC0-301F-11D3-BF4B-00C04F79EFBC}") = "newapp-crm", "newapp-crm.csproj", "{0C344DFC-A923-DC4F-ECDD-4FF10DC4315D}"
EndProject
Global
	GlobalSection(SolutionConfigurationPlatforms) = preSolution
		Debug|Any CPU = Debug|Any CPU
		Release|Any CPU = Release|Any CPU
	EndGlobalSection
	GlobalSection(ProjectConfigurationPlatforms) = postSolution
		{0C344DFC-A923-DC4F-ECDD-4FF10DC4315D}.Debug|Any CPU.ActiveCfg = Debug|Any CPU
		{0C344DFC-A923-DC4F-ECDD-4FF10DC4315D}.Debug|Any CPU.Build.0 = Debug|Any CPU
		{0C344DFC-A923-DC4F-ECDD-4FF10DC4315D}.Release|Any CPU.ActiveCfg = Release|Any CPU
		{0C344DFC-A923-DC4F-ECDD-4FF10DC4315D}.Release|Any CPU.Build.0 = Release|Any CPU
	EndGlobalSection
	GlobalSection(SolutionProperties) = preSolution
		HideSolutionNode = FALSE
	EndGlobalSection
	GlobalSection(ExtensibilityGlobals) = postSolution
		SolutionGuid = {27964522-6F7D-43B9-AF4B-FD4CFF0B87E3}
	EndGlobalSection
EndGlobal
